
Microsoft Visual Studio Solution File, Format Version 12.00
# Visual Studio Version 17
VisualStudioVersion = 17.12.35707.178
MinimumVisualStudioVersion = 10.0.40219.1
Project("{FAE04EC0-301F-11D3-BF4B-00C04F79EFBC}") = "GestiónInventario", "GestiónInventario.csproj", "{A589C2AE-0ACD-45B7-B603-B4A3242D3699}"
EndProject
Global
	GlobalSection(SolutionConfigurationPlatforms) = preSolution
		Debug|Any CPU = Debug|Any CPU
		Debug|x64 = Debug|x64
		Release|Any CPU = Release|Any CPU
		Release|x64 = Release|x64
		x64 Solution|Any CPU = x64 Solution|Any CPU
		x64 Solution|x64 = x64 Solution|x64
	EndGlobalSection
	GlobalSection(ProjectConfigurationPlatforms) = postSolution
		{A589C2AE-0ACD-45B7-B603-B4A3242D3699}.Debug|Any CPU.ActiveCfg = Debug|Any CPU
		{A589C2AE-0ACD-45B7-B603-B4A3242D3699}.Debug|Any CPU.Build.0 = Debug|Any CPU
		{A589C2AE-0ACD-45B7-B603-B4A3242D3699}.Debug|x64.ActiveCfg = Debug|x64
		{A589C2AE-0ACD-45B7-B603-B4A3242D3699}.Debug|x64.Build.0 = Debug|x64
		{A589C2AE-0ACD-45B7-B603-B4A3242D3699}.Release|Any CPU.ActiveCfg = Release|Any CPU
		{A589C2AE-0ACD-45B7-B603-B4A3242D3699}.Release|Any CPU.Build.0 = Release|Any CPU
		{A589C2AE-0ACD-45B7-B603-B4A3242D3699}.Release|x64.ActiveCfg = Release|x64
		{A589C2AE-0ACD-45B7-B603-B4A3242D3699}.Release|x64.Build.0 = Release|x64
		{A589C2AE-0ACD-45B7-B603-B4A3242D3699}.x64 Solution|Any CPU.ActiveCfg = x64 Solution|Any CPU
		{A589C2AE-0ACD-45B7-B603-B4A3242D3699}.x64 Solution|Any CPU.Build.0 = x64 Solution|Any CPU
		{A589C2AE-0ACD-45B7-B603-B4A3242D3699}.x64 Solution|x64.ActiveCfg = x64 Solution|x64
		{A589C2AE-0ACD-45B7-B603-B4A3242D3699}.x64 Solution|x64.Build.0 = x64 Solution|x64
	EndGlobalSection
	GlobalSection(SolutionProperties) = preSolution
		HideSolutionNode = FALSE
	EndGlobalSection
EndGlobal
